
Microsoft Visual Studio Solution File, Format Version 12.00
# Visual Studio Version 17
VisualStudioVersion = 17.9.34622.214
MinimumVisualStudioVersion = 10.0.40219.1
Project("{9092AA53-FB77-4645-B42D-1CCCA6BD08BD}") = "oxo2", "oxo2\oxo2.njsproj", "{440B4B3E-2D38-49FE-AB17-40907B60AE72}"
EndProject
Global
	GlobalSection(SolutionConfigurationPlatforms) = preSolution
		Debug|Any CPU = Debug|Any CPU
		Release|Any CPU = Release|Any CPU
	EndGlobalSection
	GlobalSection(ProjectConfigurationPlatforms) = postSolution
		{440B4B3E-2D38-49FE-AB17-40907B60AE72}.Debug|Any CPU.ActiveCfg = Debug|Any CPU
		{440B4B3E-2D38-49FE-AB17-40907B60AE72}.Debug|Any CPU.Build.0 = Debug|Any CPU
		{440B4B3E-2D38-49FE-AB17-40907B60AE72}.Release|Any CPU.ActiveCfg = Release|Any CPU
		{440B4B3E-2D38-49FE-AB17-40907B60AE72}.Release|Any CPU.Build.0 = Release|Any CPU
	EndGlobalSection
	GlobalSection(SolutionProperties) = preSolution
		HideSolutionNode = FALSE
	EndGlobalSection
	GlobalSection(ExtensibilityGlobals) = postSolution
		SolutionGuid = {776A289C-5282-453B-A279-A675E09664C6}
	EndGlobalSection
EndGlobal
